
Microsoft Visual Studio Solution File, Format Version 12.00
# Visual Studio 14
VisualStudioVersion = 14.0.25420.1
MinimumVisualStudioVersion = 10.0.40219.1
Project("{FAE04EC0-301F-11D3-BF4B-00C04F79EFBC}") = "Poseidon.Winform.Base", "Poseidon.Winform.Base\Poseidon.Winform.Base.csproj", "{7650E6F8-D821-4281-949C-1F9005F4FB32}"
EndProject
Project("{FAE04EC0-301F-11D3-BF4B-00C04F79EFBC}") = "Poseidon.Winform.Core", "Poseidon.Winform.Core\Poseidon.Winform.Core.csproj", "{A8F51891-8A7C-4881-9C66-8D0A7229CC11}"
EndProject
Project("{FAE04EC0-301F-11D3-BF4B-00C04F79EFBC}") = "Poseidon.Winform.ClientDx", "Poseidon.Winform.ClientDx\Poseidon.Winform.ClientDx.csproj", "{FEAF9317-AD56-48DA-B58C-610DA2CB82CB}"
EndProject
Project("{FAE04EC0-301F-11D3-BF4B-00C04F79EFBC}") = "Poseidon.Winform.Test", "Poseidon.Winform.Test\Poseidon.Winform.Test.csproj", "{3BDF3242-D41A-4F81-911B-00D1AD3A2106}"
EndProject
Global
	GlobalSection(SolutionConfigurationPlatforms) = preSolution
		Debug|Any CPU = Debug|Any CPU
		Release|Any CPU = Release|Any CPU
	EndGlobalSection
	GlobalSection(ProjectConfigurationPlatforms) = postSolution
		{7650E6F8-D821-4281-949C-1F9005F4FB32}.Debug|Any CPU.ActiveCfg = Debug|Any CPU
		{7650E6F8-D821-4281-949C-1F9005F4FB32}.Debug|Any CPU.Build.0 = Debug|Any CPU
		{7650E6F8-D821-4281-949C-1F9005F4FB32}.Release|Any CPU.ActiveCfg = Release|Any CPU
		{7650E6F8-D821-4281-949C-1F9005F4FB32}.Release|Any CPU.Build.0 = Release|Any CPU
		{A8F51891-8A7C-4881-9C66-8D0A7229CC11}.Debug|Any CPU.ActiveCfg = Debug|Any CPU
		{A8F51891-8A7C-4881-9C66-8D0A7229CC11}.Debug|Any CPU.Build.0 = Debug|Any CPU
		{A8F51891-8A7C-4881-9C66-8D0A7229CC11}.Release|Any CPU.ActiveCfg = Release|Any CPU
		{A8F51891-8A7C-4881-9C66-8D0A7229CC11}.Release|Any CPU.Build.0 = Release|Any CPU
		{FEAF9317-AD56-48DA-B58C-610DA2CB82CB}.Debug|Any CPU.ActiveCfg = Debug|Any CPU
		{FEAF9317-AD56-48DA-B58C-610DA2CB82CB}.Debug|Any CPU.Build.0 = Debug|Any CPU
		{FEAF9317-AD56-48DA-B58C-610DA2CB82CB}.Release|Any CPU.ActiveCfg = Release|Any CPU
		{FEAF9317-AD56-48DA-B58C-610DA2CB82CB}.Release|Any CPU.Build.0 = Release|Any CPU
		{3BDF3242-D41A-4F81-911B-00D1AD3A2106}.Debug|Any CPU.ActiveCfg = Debug|Any CPU
		{3BDF3242-D41A-4F81-911B-00D1AD3A2106}.Debug|Any CPU.Build.0 = Debug|Any CPU
		{3BDF3242-D41A-4F81-911B-00D1AD3A2106}.Release|Any CPU.ActiveCfg = Release|Any CPU
		{3BDF3242-D41A-4F81-911B-00D1AD3A2106}.Release|Any CPU.Build.0 = Release|Any CPU
	EndGlobalSection
	GlobalSection(SolutionProperties) = preSolution
		HideSolutionNode = FALSE
	EndGlobalSection
EndGlobal
